
Microsoft Visual Studio Solution File, Format Version 12.00
# Visual Studio Version 16
VisualStudioVersion = 16.0.29709.97
MinimumVisualStudioVersion = 10.0.40219.1
Project("{2150E333-8FDC-42A3-9474-1A3956D46DE8}") = "Web", "Web", "{09D5D6BC-C3EA-4AE2-9975-7F7160ED2AE6}"
EndProject
Project("{9A19103F-16F7-4668-BE54-9A1E7A4F7556}") = "Escola.Web", "Escola.Angular\Escola.Web.csproj", "{37FAAC03-2F27-45B3-9690-5F9389701910}"
EndProject
Project("{9A19103F-16F7-4668-BE54-9A1E7A4F7556}") = "Escola.Api", "Escola.Api\Escola.Api.csproj", "{04404149-969B-4188-AB9B-74BE84B275BC}"
EndProject
Project("{FAE04EC0-301F-11D3-BF4B-00C04F79EFBC}") = "Application", "Application\Application.csproj", "{00DAC9F3-F8F1-435A-A94C-D52BA8452C9B}"
EndProject
Project("{FAE04EC0-301F-11D3-BF4B-00C04F79EFBC}") = "Domain", "Domain\Domain.csproj", "{7CD7DA4F-8BF2-457B-BE89-501A2FECC5E7}"
EndProject
Project("{FAE04EC0-301F-11D3-BF4B-00C04F79EFBC}") = "Infra", "Infra\Infra.csproj", "{7084B283-C384-484F-82ED-CD01136015E3}"
EndProject
Global
	GlobalSection(SolutionConfigurationPlatforms) = preSolution
		Debug|Any CPU = Debug|Any CPU
		Release|Any CPU = Release|Any CPU
	EndGlobalSection
	GlobalSection(ProjectConfigurationPlatforms) = postSolution
		{37FAAC03-2F27-45B3-9690-5F9389701910}.Debug|Any CPU.ActiveCfg = Debug|Any CPU
		{37FAAC03-2F27-45B3-9690-5F9389701910}.Debug|Any CPU.Build.0 = Debug|Any CPU
		{37FAAC03-2F27-45B3-9690-5F9389701910}.Release|Any CPU.ActiveCfg = Release|Any CPU
		{37FAAC03-2F27-45B3-9690-5F9389701910}.Release|Any CPU.Build.0 = Release|Any CPU
		{04404149-969B-4188-AB9B-74BE84B275BC}.Debug|Any CPU.ActiveCfg = Debug|Any CPU
		{04404149-969B-4188-AB9B-74BE84B275BC}.Debug|Any CPU.Build.0 = Debug|Any CPU
		{04404149-969B-4188-AB9B-74BE84B275BC}.Release|Any CPU.ActiveCfg = Release|Any CPU
		{04404149-969B-4188-AB9B-74BE84B275BC}.Release|Any CPU.Build.0 = Release|Any CPU
		{00DAC9F3-F8F1-435A-A94C-D52BA8452C9B}.Debug|Any CPU.ActiveCfg = Debug|Any CPU
		{00DAC9F3-F8F1-435A-A94C-D52BA8452C9B}.Debug|Any CPU.Build.0 = Debug|Any CPU
		{00DAC9F3-F8F1-435A-A94C-D52BA8452C9B}.Release|Any CPU.ActiveCfg = Release|Any CPU
		{00DAC9F3-F8F1-435A-A94C-D52BA8452C9B}.Release|Any CPU.Build.0 = Release|Any CPU
		{7CD7DA4F-8BF2-457B-BE89-501A2FECC5E7}.Debug|Any CPU.ActiveCfg = Debug|Any CPU
		{7CD7DA4F-8BF2-457B-BE89-501A2FECC5E7}.Debug|Any CPU.Build.0 = Debug|Any CPU
		{7CD7DA4F-8BF2-457B-BE89-501A2FECC5E7}.Release|Any CPU.ActiveCfg = Release|Any CPU
		{7CD7DA4F-8BF2-457B-BE89-501A2FECC5E7}.Release|Any CPU.Build.0 = Release|Any CPU
		{7084B283-C384-484F-82ED-CD01136015E3}.Debug|Any CPU.ActiveCfg = Debug|Any CPU
		{7084B283-C384-484F-82ED-CD01136015E3}.Debug|Any CPU.Build.0 = Debug|Any CPU
		{7084B283-C384-484F-82ED-CD01136015E3}.Release|Any CPU.ActiveCfg = Release|Any CPU
		{7084B283-C384-484F-82ED-CD01136015E3}.Release|Any CPU.Build.0 = Release|Any CPU
	EndGlobalSection
	GlobalSection(SolutionProperties) = preSolution
		HideSolutionNode = FALSE
	EndGlobalSection
	GlobalSection(NestedProjects) = preSolution
		{37FAAC03-2F27-45B3-9690-5F9389701910} = {09D5D6BC-C3EA-4AE2-9975-7F7160ED2AE6}
		{04404149-969B-4188-AB9B-74BE84B275BC} = {09D5D6BC-C3EA-4AE2-9975-7F7160ED2AE6}
	EndGlobalSection
	GlobalSection(ExtensibilityGlobals) = postSolution
		SolutionGuid = {CD450977-19F1-4CB7-8100-CE1F2C8B2EDF}
	EndGlobalSection
EndGlobal
